
Microsoft Visual Studio Solution File, Format Version 12.00
# Visual Studio Version 17
VisualStudioVersion = 17.3.32922.545
MinimumVisualStudioVersion = 10.0.40219.1
Project("{9A19103F-16F7-4668-BE54-9A1E7A4F7556}") = "Lab3Sadik", "Lab3Sadik\Lab3Sadik.csproj", "{2FCC5AB2-7D03-49E4-9B55-0AFD2C45F909}"
EndProject
Project("{9A19103F-16F7-4668-BE54-9A1E7A4F7556}") = "Lab6Sadik", "Lab6Sadik\Lab6Sadik.csproj", "{8B0723F5-215D-4FF5-B973-B00E3722EAFE}"
EndProject
Project("{9A19103F-16F7-4668-BE54-9A1E7A4F7556}") = "Lab7Sadik", "Lab7Sadik\Lab7Sadik.csproj", "{30D4E58F-0CFB-4874-91D3-B5EF7DE82B48}"
EndProject
Project("{9A19103F-16F7-4668-BE54-9A1E7A4F7556}") = "Lab9Sadik", "Lab9Sadik\Lab9Sadik.csproj", "{3DAE047B-A524-4733-B9F1-8E02B9EF9874}"
EndProject
Project("{9A19103F-16F7-4668-BE54-9A1E7A4F7556}") = "Lab10Sadik", "Lab10Sadik\Lab10Sadik.csproj", "{15E610BB-ADAD-4555-8616-732DFF6AA983}"
EndProject
Project("{9A19103F-16F7-4668-BE54-9A1E7A4F7556}") = "Lab11Sadik", "Lab11Sadik\Lab11Sadik.csproj", "{9041DF7F-75EA-4A96-8EF7-9C0228B4DB66}"
EndProject
Project("{9A19103F-16F7-4668-BE54-9A1E7A4F7556}") = "Lab12Sadik", "Lab12Sadik\Lab12Sadik.csproj", "{9622663D-9002-49F3-9FD3-32A45EF07FE2}"
EndProject
Project("{FAE04EC0-301F-11D3-BF4B-00C04F79EFBC}") = "Lab13Sadik", "Lab13Sadik\Lab13Sadik.csproj", "{324FCB0A-018D-4C5C-93BF-8085262C87FB}"
EndProject
Global
	GlobalSection(SolutionConfigurationPlatforms) = preSolution
		Debug|Any CPU = Debug|Any CPU
		Release|Any CPU = Release|Any CPU
	EndGlobalSection
	GlobalSection(ProjectConfigurationPlatforms) = postSolution
		{2FCC5AB2-7D03-49E4-9B55-0AFD2C45F909}.Debug|Any CPU.ActiveCfg = Debug|Any CPU
		{2FCC5AB2-7D03-49E4-9B55-0AFD2C45F909}.Debug|Any CPU.Build.0 = Debug|Any CPU
		{2FCC5AB2-7D03-49E4-9B55-0AFD2C45F909}.Release|Any CPU.ActiveCfg = Release|Any CPU
		{2FCC5AB2-7D03-49E4-9B55-0AFD2C45F909}.Release|Any CPU.Build.0 = Release|Any CPU
		{8B0723F5-215D-4FF5-B973-B00E3722EAFE}.Debug|Any CPU.ActiveCfg = Debug|Any CPU
		{8B0723F5-215D-4FF5-B973-B00E3722EAFE}.Debug|Any CPU.Build.0 = Debug|Any CPU
		{8B0723F5-215D-4FF5-B973-B00E3722EAFE}.Release|Any CPU.ActiveCfg = Release|Any CPU
		{8B0723F5-215D-4FF5-B973-B00E3722EAFE}.Release|Any CPU.Build.0 = Release|Any CPU
		{30D4E58F-0CFB-4874-91D3-B5EF7DE82B48}.Debug|Any CPU.ActiveCfg = Debug|Any CPU
		{30D4E58F-0CFB-4874-91D3-B5EF7DE82B48}.Debug|Any CPU.Build.0 = Debug|Any CPU
		{30D4E58F-0CFB-4874-91D3-B5EF7DE82B48}.Release|Any CPU.ActiveCfg = Release|Any CPU
		{30D4E58F-0CFB-4874-91D3-B5EF7DE82B48}.Release|Any CPU.Build.0 = Release|Any CPU
		{3DAE047B-A524-4733-B9F1-8E02B9EF9874}.Debug|Any CPU.ActiveCfg = Debug|Any CPU
		{3DAE047B-A524-4733-B9F1-8E02B9EF9874}.Debug|Any CPU.Build.0 = Debug|Any CPU
		{3DAE047B-A524-4733-B9F1-8E02B9EF9874}.Release|Any CPU.ActiveCfg = Release|Any CPU
		{3DAE047B-A524-4733-B9F1-8E02B9EF9874}.Release|Any CPU.Build.0 = Release|Any CPU
		{15E610BB-ADAD-4555-8616-732DFF6AA983}.Debug|Any CPU.ActiveCfg = Debug|Any CPU
		{15E610BB-ADAD-4555-8616-732DFF6AA983}.Debug|Any CPU.Build.0 = Debug|Any CPU
		{15E610BB-ADAD-4555-8616-732DFF6AA983}.Release|Any CPU.ActiveCfg = Release|Any CPU
		{15E610BB-ADAD-4555-8616-732DFF6AA983}.Release|Any CPU.Build.0 = Release|Any CPU
		{9041DF7F-75EA-4A96-8EF7-9C0228B4DB66}.Debug|Any CPU.ActiveCfg = Debug|Any CPU
		{9041DF7F-75EA-4A96-8EF7-9C0228B4DB66}.Debug|Any CPU.Build.0 = Debug|Any CPU
		{9041DF7F-75EA-4A96-8EF7-9C0228B4DB66}.Release|Any CPU.ActiveCfg = Release|Any CPU
		{9041DF7F-75EA-4A96-8EF7-9C0228B4DB66}.Release|Any CPU.Build.0 = Release|Any CPU
		{9622663D-9002-49F3-9FD3-32A45EF07FE2}.Debug|Any CPU.ActiveCfg = Debug|Any CPU
		{9622663D-9002-49F3-9FD3-32A45EF07FE2}.Debug|Any CPU.Build.0 = Debug|Any CPU
		{9622663D-9002-49F3-9FD3-32A45EF07FE2}.Release|Any CPU.ActiveCfg = Release|Any CPU
		{9622663D-9002-49F3-9FD3-32A45EF07FE2}.Release|Any CPU.Build.0 = Release|Any CPU
		{324FCB0A-018D-4C5C-93BF-8085262C87FB}.Debug|Any CPU.ActiveCfg = Debug|Any CPU
		{324FCB0A-018D-4C5C-93BF-8085262C87FB}.Debug|Any CPU.Build.0 = Debug|Any CPU
		{324FCB0A-018D-4C5C-93BF-8085262C87FB}.Release|Any CPU.ActiveCfg = Release|Any CPU
		{324FCB0A-018D-4C5C-93BF-8085262C87FB}.Release|Any CPU.Build.0 = Release|Any CPU
	EndGlobalSection
	GlobalSection(SolutionProperties) = preSolution
		HideSolutionNode = FALSE
	EndGlobalSection
	GlobalSection(ExtensibilityGlobals) = postSolution
		SolutionGuid = {40B6430E-3AEE-4D51-B1A6-A3C608C5C262}
	EndGlobalSection
EndGlobal
