
Microsoft Visual Studio Solution File, Format Version 12.00
# Visual Studio Version 17
VisualStudioVersion = 17.3.32922.545
MinimumVisualStudioVersion = 10.0.40219.1
Project("{FAE04EC0-301F-11D3-BF4B-00C04F79EFBC}") = "Lab16Sadik", "Lab16Sadik\Lab16Sadik.csproj", "{40332568-9893-4778-A939-A143B9CB788C}"
EndProject
Project("{FAE04EC0-301F-11D3-BF4B-00C04F79EFBC}") = "Lab16SadikLibrary", "Lab16SadikLibrary\Lab16SadikLibrary.csproj", "{476EA3E6-640C-4B79-ADBE-95512183EFA4}"
EndProject
Project("{2150E333-8FDC-42A3-9474-1A3956D46DE8}") = "Lab16SadikFolder", "Lab16SadikFolder", "{0B38C3D6-EAA8-4068-8021-BB23FAD49D33}"
EndProject
Project("{2150E333-8FDC-42A3-9474-1A3956D46DE8}") = "Lab17SadikFolder", "Lab17SadikFolder", "{486DCC50-CAAB-4E5E-B46A-38642B670545}"
EndProject
Project("{FAE04EC0-301F-11D3-BF4B-00C04F79EFBC}") = "Lab17Sadik", "Lab17Sadik\Lab17Sadik.csproj", "{BC7EA97A-E896-4CB1-B3F6-7F81B5B621A0}"
EndProject
Project("{2150E333-8FDC-42A3-9474-1A3956D46DE8}") = "Lab18SadikFolder", "Lab18SadikFolder", "{97313229-5751-497B-9145-353CFC713360}"
EndProject
Project("{FAE04EC0-301F-11D3-BF4B-00C04F79EFBC}") = "Lab18Sadik", "Lab18Sadik\Lab18Sadik.csproj", "{BFC9397E-3871-4EA8-995B-CC53402D5BA4}"
EndProject
Global
	GlobalSection(SolutionConfigurationPlatforms) = preSolution
		Debug|Any CPU = Debug|Any CPU
		Release|Any CPU = Release|Any CPU
	EndGlobalSection
	GlobalSection(ProjectConfigurationPlatforms) = postSolution
		{40332568-9893-4778-A939-A143B9CB788C}.Debug|Any CPU.ActiveCfg = Debug|Any CPU
		{40332568-9893-4778-A939-A143B9CB788C}.Debug|Any CPU.Build.0 = Debug|Any CPU
		{40332568-9893-4778-A939-A143B9CB788C}.Release|Any CPU.ActiveCfg = Release|Any CPU
		{40332568-9893-4778-A939-A143B9CB788C}.Release|Any CPU.Build.0 = Release|Any CPU
		{476EA3E6-640C-4B79-ADBE-95512183EFA4}.Debug|Any CPU.ActiveCfg = Debug|Any CPU
		{476EA3E6-640C-4B79-ADBE-95512183EFA4}.Debug|Any CPU.Build.0 = Debug|Any CPU
		{476EA3E6-640C-4B79-ADBE-95512183EFA4}.Release|Any CPU.ActiveCfg = Release|Any CPU
		{476EA3E6-640C-4B79-ADBE-95512183EFA4}.Release|Any CPU.Build.0 = Release|Any CPU
		{BC7EA97A-E896-4CB1-B3F6-7F81B5B621A0}.Debug|Any CPU.ActiveCfg = Debug|Any CPU
		{BC7EA97A-E896-4CB1-B3F6-7F81B5B621A0}.Debug|Any CPU.Build.0 = Debug|Any CPU
		{BC7EA97A-E896-4CB1-B3F6-7F81B5B621A0}.Release|Any CPU.ActiveCfg = Release|Any CPU
		{BC7EA97A-E896-4CB1-B3F6-7F81B5B621A0}.Release|Any CPU.Build.0 = Release|Any CPU
		{BFC9397E-3871-4EA8-995B-CC53402D5BA4}.Debug|Any CPU.ActiveCfg = Debug|Any CPU
		{BFC9397E-3871-4EA8-995B-CC53402D5BA4}.Debug|Any CPU.Build.0 = Debug|Any CPU
		{BFC9397E-3871-4EA8-995B-CC53402D5BA4}.Release|Any CPU.ActiveCfg = Release|Any CPU
		{BFC9397E-3871-4EA8-995B-CC53402D5BA4}.Release|Any CPU.Build.0 = Release|Any CPU
	EndGlobalSection
	GlobalSection(SolutionProperties) = preSolution
		HideSolutionNode = FALSE
	EndGlobalSection
	GlobalSection(ExtensibilityGlobals) = postSolution
		SolutionGuid = {40B6430E-3AEE-4D51-B1A6-A3C608C5C262}
	EndGlobalSection
	GlobalSection(NestedProjects) = preSolution
		{40332568-9893-4778-A939-A143B9CB788C} = {0B38C3D6-EAA8-4068-8021-BB23FAD49D33}
		{476EA3E6-640C-4B79-ADBE-95512183EFA4} = {0B38C3D6-EAA8-4068-8021-BB23FAD49D33}
		{BC7EA97A-E896-4CB1-B3F6-7F81B5B621A0} = {486DCC50-CAAB-4E5E-B46A-38642B670545}
		{BFC9397E-3871-4EA8-995B-CC53402D5BA4} = {97313229-5751-497B-9145-353CFC713360}
	EndGlobalSection
EndGlobal
